<?xml version="1.0" encoding="utf-8"?>
<Project ToolsVersion="4.0" xmlns="http://schemas.microsoft.com/developer/msbuild/2003">
  <ItemGroup>
    <Filter Include="Source Files">
      <UniqueIdentifier>{4FC737F1-C7A5-4376-A066-2A32D752A2FF}</UniqueIdentifier>
      <Extensions>cpp;c;cc;cxx;def;odl;idl;hpj;bat;asm;asmx</Extensions>
    </Filter>
    <Filter Include="Header Files">
      <UniqueIdentifier>{93995380-89BD-4b04-88EB-625FBE52EBFB}</UniqueIdentifier>
      <Extensions>h;hh;hpp;hxx;hm;inl;inc;xsd</Extensions>
    </Filter>
    <Filter Include="Resource Files">
      <UniqueIdentifier>{67DA6AB6-F800-4c08-8B7A-83BB121AAD01}</UniqueIdentifier>
      <Extensions>qrc;rc;ico;cur;bmp;dlg;rc2;rct;bin;rgs;gif;jpg;jpeg;jpe;resx;tiff;tif;png;wav;mfcribbon-ms</Extensions>
    </Filter>
    <Filter Include="Form Files">
      <UniqueIdentifier>{99349809-55BA-4b9d-BF79-8FDBB0286EB3}</UniqueIdentifier>
      <Extensions>ui</Extensions>
    </Filter>
    <Filter Include="Translation Files">
      <UniqueIdentifier>{639EADAA-A684-42e4-A9AD-28FC9BCB8F7C}</UniqueIdentifier>
      <Extensions>ts</Extensions>
    </Filter>
  </ItemGroup>
  <ItemGroup>
    <QtRcc Include="draughtsoft.qrc">
      <Filter>Resource Files</Filter>
    </QtRcc>
    <QtUic Include="draughtsoft.ui">
      <Filter>Form Files</Filter>
    </QtUic>
    <QtMoc Include="draughtsoft.h">
      <Filter>Header Files</Filter>
    </QtMoc>
    <ClCompile Include="draughtsoft.cpp">
      <Filter>Source Files</Filter>
    </ClCompile>
  </ItemGroup>
  <ItemGroup>
    <ClCompile Include="main.cpp">
      <Filter>Source Files</Filter>
    </ClCompile>
    <ClCompile Include="customproxy.cpp">
      <Filter>Source Files</Filter>
    </ClCompile>
    <ClCompile Include="appsettings.cpp">
      <Filter>Source Files</Filter>
    </ClCompile>
    <ClCompile Include="uifactory.cpp">
      <Filter>Source Files</Filter>
    </ClCompile>
    <ClCompile Include="subinfowidget.cpp">
      <Filter>Source Files</Filter>
    </ClCompile>
    <ClCompile Include="customgraphicview.cpp">
      <Filter>Source Files</Filter>
    </ClCompile>
    <ClCompile Include="customgraphicscene.cpp">
      <Filter>Source Files</Filter>
    </ClCompile>
    <ClCompile Include="createfencedlg.cpp">
      <Filter>Source Files</Filter>
    </ClCompile>
    <ClCompile Include="customgraphicrectitem.cpp">
      <Filter>Source Files</Filter>
    </ClCompile>
    <ClCompile Include="customgraphicpixmapitem.cpp">
      <Filter>Source Files</Filter>
    </ClCompile>
    <ClCompile Include="globalinstance.cpp">
      <Filter>Source Files</Filter>
    </ClCompile>
    <ClCompile Include="httpfunc.cpp">
      <Filter>Source Files</Filter>
    </ClCompile>
    <ClCompile Include="itemmanager.cpp">
      <Filter>Source Files</Filter>
    </ClCompile>
  </ItemGroup>
  <ItemGroup>
    <QtMoc Include="customproxy.h">
      <Filter>Source Files</Filter>
    </QtMoc>
    <QtMoc Include="subinfowidget.h">
      <Filter>Header Files</Filter>
    </QtMoc>
    <QtMoc Include="customgraphicview.h">
      <Filter>Header Files</Filter>
    </QtMoc>
    <QtMoc Include="customgraphicscene.h">
      <Filter>Header Files</Filter>
    </QtMoc>
    <QtMoc Include="createfencedlg.h">
      <Filter>Header Files</Filter>
    </QtMoc>
  </ItemGroup>
  <ItemGroup>
    <ClInclude Include="appsettings.h">
      <Filter>Source Files</Filter>
    </ClInclude>
    <ClInclude Include="uifactory.h">
      <Filter>Source Files</Filter>
    </ClInclude>
    <ClInclude Include="customgraphicrectitem.h">
      <Filter>Header Files</Filter>
    </ClInclude>
    <ClInclude Include="customgraphicpixmapitem.h">
      <Filter>Header Files</Filter>
    </ClInclude>
    <ClInclude Include="globalinstance.h">
      <Filter>Source Files</Filter>
    </ClInclude>
    <ClInclude Include="httpfunc.h">
      <Filter>Header Files</Filter>
    </ClInclude>
    <ClInclude Include="itemmanager.h">
      <Filter>Header Files</Filter>
    </ClInclude>
  </ItemGroup>
</Project>